// !$*UTF8*$!
{
	archiveVersion = 1;
	classes = {
	};
	objectVersion = 56;
	objects = {

/* Begin PBXBuildFile section */
		9D1FFC232C7C1AA1005870E2 /* DrawingDetection.mlmodel in Sources */ = {isa = PBXBuildFile; fileRef = 9D1FFC222C7C1AA1005870E2 /* DrawingDetection.mlmodel */; };
		9D1FFC272C7C25DF005870E2 /* cnnsketchclassifier.mlmodel in Sources */ = {isa = PBXBuildFile; fileRef = 9D1FFC262C7C25DF005870E2 /* cnnsketchclassifier.mlmodel */; };
		9D1FFC292C7C312D005870E2 /* ImageExtensions.swift in Sources */ = {isa = PBXBuildFile; fileRef = 9D1FFC282C7C312D005870E2 /* ImageExtensions.swift */; };
		9D1FFC2E2C7C5EFA005870E2 /* DefaultPins.swift in Sources */ = {isa = PBXBuildFile; fileRef = 9D1FFC2D2C7C5EFA005870E2 /* DefaultPins.swift */; };
		9D1FFC302C7C5F0D005870E2 /* DrawingClassificationLabels.swift in Sources */ = {isa = PBXBuildFile; fileRef = 9D1FFC2F2C7C5F0D005870E2 /* DrawingClassificationLabels.swift */; };
		9D3A3BE82B0F282800341559 /* SettingsView.swift in Sources */ = {isa = PBXBuildFile; fileRef = 9D3A3BE72B0F282800341559 /* SettingsView.swift */; };
		9D69F57A2C7989700011C741 /* KeyboardDrawingView.swift in Sources */ = {isa = PBXBuildFile; fileRef = 9D69F5792C7989700011C741 /* KeyboardDrawingView.swift */; };
		9D6A135B2B0AF6A8000C7E98 /* WhatWordApp.swift in Sources */ = {isa = PBXBuildFile; fileRef = 9D6A135A2B0AF6A8000C7E98 /* WhatWordApp.swift */; };
		9D6A135D2B0AF6A8000C7E98 /* ContentView.swift in Sources */ = {isa = PBXBuildFile; fileRef = 9D6A135C2B0AF6A8000C7E98 /* ContentView.swift */; };
		9D6A135F2B0AF6A9000C7E98 /* Assets.xcassets in Resources */ = {isa = PBXBuildFile; fileRef = 9D6A135E2B0AF6A9000C7E98 /* Assets.xcassets */; };
		9D6A13632B0AF6A9000C7E98 /* Preview Assets.xcassets in Resources */ = {isa = PBXBuildFile; fileRef = 9D6A13622B0AF6A9000C7E98 /* Preview Assets.xcassets */; };
		9D6A136D2B0AF6A9000C7E98 /* WhatWordTests.swift in Sources */ = {isa = PBXBuildFile; fileRef = 9D6A136C2B0AF6A9000C7E98 /* WhatWordTests.swift */; };
		9D6A13772B0AF6A9000C7E98 /* WhatWordUITests.swift in Sources */ = {isa = PBXBuildFile; fileRef = 9D6A13762B0AF6A9000C7E98 /* WhatWordUITests.swift */; };
		9D6A13792B0AF6A9000C7E98 /* WhatWordUITestsLaunchTests.swift in Sources */ = {isa = PBXBuildFile; fileRef = 9D6A13782B0AF6A9000C7E98 /* WhatWordUITestsLaunchTests.swift */; };
		9DCA060F2C6416F800F12A30 /* Localizable.xcstrings in Resources */ = {isa = PBXBuildFile; fileRef = 9DCA060E2C6416F800F12A30 /* Localizable.xcstrings */; };
		9DCA06162C6AC9A000F12A30 /* WWNode.swift in Sources */ = {isa = PBXBuildFile; fileRef = 9DCA06152C6AC9A000F12A30 /* WWNode.swift */; };
		9DCA06182C75CDF100F12A30 /* KeyboardContainerView.swift in Sources */ = {isa = PBXBuildFile; fileRef = 9DCA06172C75CDF100F12A30 /* KeyboardContainerView.swift */; };
		9DCA061A2C75D75000F12A30 /* KeyboardGenerativeView.swift in Sources */ = {isa = PBXBuildFile; fileRef = 9DCA06192C75D75000F12A30 /* KeyboardGenerativeView.swift */; };
		9DCA061D2C75F23F00F12A30 /* Flow in Frameworks */ = {isa = PBXBuildFile; productRef = 9DCA061C2C75F23F00F12A30 /* Flow */; };
		9DCA061F2C77E1DE00F12A30 /* KeyboardWordContainerView.swift in Sources */ = {isa = PBXBuildFile; fileRef = 9DCA061E2C77E1DE00F12A30 /* KeyboardWordContainerView.swift */; };
		9DCA06212C784B3E00F12A30 /* WordDetailView.swift in Sources */ = {isa = PBXBuildFile; fileRef = 9DCA06202C784B3E00F12A30 /* WordDetailView.swift */; };
/* End PBXBuildFile section */

/* Begin PBXContainerItemProxy section */
		9D6A13692B0AF6A9000C7E98 /* PBXContainerItemProxy */ = {
			isa = PBXContainerItemProxy;
			containerPortal = 9D6A134F2B0AF6A8000C7E98 /* Project object */;
			proxyType = 1;
			remoteGlobalIDString = 9D6A13562B0AF6A8000C7E98;
			remoteInfo = WhatWord;
		};
		9D6A13732B0AF6A9000C7E98 /* PBXContainerItemProxy */ = {
			isa = PBXContainerItemProxy;
			containerPortal = 9D6A134F2B0AF6A8000C7E98 /* Project object */;
			proxyType = 1;
			remoteGlobalIDString = 9D6A13562B0AF6A8000C7E98;
			remoteInfo = WhatWord;
		};
/* End PBXContainerItemProxy section */

/* Begin PBXFileReference section */
		9D1FFC222C7C1AA1005870E2 /* DrawingDetection.mlmodel */ = {isa = PBXFileReference; lastKnownFileType = file.mlmodel; path = DrawingDetection.mlmodel; sourceTree = "<group>"; };
		9D1FFC262C7C25DF005870E2 /* cnnsketchclassifier.mlmodel */ = {isa = PBXFileReference; lastKnownFileType = file.mlmodel; path = cnnsketchclassifier.mlmodel; sourceTree = "<group>"; };
		9D1FFC282C7C312D005870E2 /* ImageExtensions.swift */ = {isa = PBXFileReference; fileEncoding = 4; lastKnownFileType = sourcecode.swift; name = ImageExtensions.swift; path = Extensions/ImageExtensions.swift; sourceTree = "<group>"; };
		9D1FFC2D2C7C5EFA005870E2 /* DefaultPins.swift */ = {isa = PBXFileReference; fileEncoding = 4; lastKnownFileType = sourcecode.swift; path = DefaultPins.swift; sourceTree = "<group>"; };
		9D1FFC2F2C7C5F0D005870E2 /* DrawingClassificationLabels.swift */ = {isa = PBXFileReference; lastKnownFileType = sourcecode.swift; path = DrawingClassificationLabels.swift; sourceTree = "<group>"; };
		9D3A3BE72B0F282800341559 /* SettingsView.swift */ = {isa = PBXFileReference; lastKnownFileType = sourcecode.swift; path = SettingsView.swift; sourceTree = "<group>"; };
		9D69F5792C7989700011C741 /* KeyboardDrawingView.swift */ = {isa = PBXFileReference; lastKnownFileType = sourcecode.swift; path = KeyboardDrawingView.swift; sourceTree = "<group>"; };
		9D6A13572B0AF6A8000C7E98 /* WhatWord.app */ = {isa = PBXFileReference; explicitFileType = wrapper.application; includeInIndex = 0; path = WhatWord.app; sourceTree = BUILT_PRODUCTS_DIR; };
		9D6A135A2B0AF6A8000C7E98 /* WhatWordApp.swift */ = {isa = PBXFileReference; lastKnownFileType = sourcecode.swift; path = WhatWordApp.swift; sourceTree = "<group>"; };
		9D6A135C2B0AF6A8000C7E98 /* ContentView.swift */ = {isa = PBXFileReference; lastKnownFileType = sourcecode.swift; path = ContentView.swift; sourceTree = "<group>"; };
		9D6A135E2B0AF6A9000C7E98 /* Assets.xcassets */ = {isa = PBXFileReference; lastKnownFileType = folder.assetcatalog; path = Assets.xcassets; sourceTree = "<group>"; };
		9D6A13602B0AF6A9000C7E98 /* WhatWord.entitlements */ = {isa = PBXFileReference; lastKnownFileType = text.plist.entitlements; path = WhatWord.entitlements; sourceTree = "<group>"; };
		9D6A13622B0AF6A9000C7E98 /* Preview Assets.xcassets */ = {isa = PBXFileReference; lastKnownFileType = folder.assetcatalog; path = "Preview Assets.xcassets"; sourceTree = "<group>"; };
		9D6A13682B0AF6A9000C7E98 /* WhatWordTests.xctest */ = {isa = PBXFileReference; explicitFileType = wrapper.cfbundle; includeInIndex = 0; path = WhatWordTests.xctest; sourceTree = BUILT_PRODUCTS_DIR; };
		9D6A136C2B0AF6A9000C7E98 /* WhatWordTests.swift */ = {isa = PBXFileReference; lastKnownFileType = sourcecode.swift; path = WhatWordTests.swift; sourceTree = "<group>"; };
		9D6A13722B0AF6A9000C7E98 /* WhatWordUITests.xctest */ = {isa = PBXFileReference; explicitFileType = wrapper.cfbundle; includeInIndex = 0; path = WhatWordUITests.xctest; sourceTree = BUILT_PRODUCTS_DIR; };
		9D6A13762B0AF6A9000C7E98 /* WhatWordUITests.swift */ = {isa = PBXFileReference; lastKnownFileType = sourcecode.swift; path = WhatWordUITests.swift; sourceTree = "<group>"; };
		9D6A13782B0AF6A9000C7E98 /* WhatWordUITestsLaunchTests.swift */ = {isa = PBXFileReference; lastKnownFileType = sourcecode.swift; path = WhatWordUITestsLaunchTests.swift; sourceTree = "<group>"; };
		9D6A138D2B0B597B000C7E98 /* Info.plist */ = {isa = PBXFileReference; lastKnownFileType = text.plist; path = Info.plist; sourceTree = "<group>"; };
		9DCA060E2C6416F800F12A30 /* Localizable.xcstrings */ = {isa = PBXFileReference; lastKnownFileType = text.json.xcstrings; path = Localizable.xcstrings; sourceTree = "<group>"; };
		9DCA06152C6AC9A000F12A30 /* WWNode.swift */ = {isa = PBXFileReference; lastKnownFileType = sourcecode.swift; path = WWNode.swift; sourceTree = "<group>"; };
		9DCA06172C75CDF100F12A30 /* KeyboardContainerView.swift */ = {isa = PBXFileReference; lastKnownFileType = sourcecode.swift; path = KeyboardContainerView.swift; sourceTree = "<group>"; };
		9DCA06192C75D75000F12A30 /* KeyboardGenerativeView.swift */ = {isa = PBXFileReference; lastKnownFileType = sourcecode.swift; path = KeyboardGenerativeView.swift; sourceTree = "<group>"; };
		9DCA061E2C77E1DE00F12A30 /* KeyboardWordContainerView.swift */ = {isa = PBXFileReference; lastKnownFileType = sourcecode.swift; path = KeyboardWordContainerView.swift; sourceTree = "<group>"; };
		9DCA06202C784B3E00F12A30 /* WordDetailView.swift */ = {isa = PBXFileReference; lastKnownFileType = sourcecode.swift; path = WordDetailView.swift; sourceTree = "<group>"; };
/* End PBXFileReference section */

/* Begin PBXFrameworksBuildPhase section */
		9D6A13542B0AF6A8000C7E98 /* Frameworks */ = {
			isa = PBXFrameworksBuildPhase;
			buildActionMask = 2147483647;
			files = (
				9DCA061D2C75F23F00F12A30 /* Flow in Frameworks */,
			);
			runOnlyForDeploymentPostprocessing = 0;
		};
		9D6A13652B0AF6A9000C7E98 /* Frameworks */ = {
			isa = PBXFrameworksBuildPhase;
			buildActionMask = 2147483647;
			files = (
			);
			runOnlyForDeploymentPostprocessing = 0;
		};
		9D6A136F2B0AF6A9000C7E98 /* Frameworks */ = {
			isa = PBXFrameworksBuildPhase;
			buildActionMask = 2147483647;
			files = (
			);
			runOnlyForDeploymentPostprocessing = 0;
		};
/* End PBXFrameworksBuildPhase section */

/* Begin PBXGroup section */
		9D1FFC2C2C7C5EFA005870E2 /* Data */ = {
			isa = PBXGroup;
			children = (
				9D1FFC2D2C7C5EFA005870E2 /* DefaultPins.swift */,
				9D1FFC2F2C7C5F0D005870E2 /* DrawingClassificationLabels.swift */,
			);
			path = Data;
			sourceTree = "<group>";
		};
		9D6A134E2B0AF6A8000C7E98 = {
			isa = PBXGroup;
			children = (
				9DCA060E2C6416F800F12A30 /* Localizable.xcstrings */,
				9D6A13592B0AF6A8000C7E98 /* WhatWord */,
				9D6A136B2B0AF6A9000C7E98 /* WhatWordTests */,
				9D6A13752B0AF6A9000C7E98 /* WhatWordUITests */,
				9D6A13582B0AF6A8000C7E98 /* Products */,
			);
			sourceTree = "<group>";
		};
		9D6A13582B0AF6A8000C7E98 /* Products */ = {
			isa = PBXGroup;
			children = (
				9D6A13572B0AF6A8000C7E98 /* WhatWord.app */,
				9D6A13682B0AF6A9000C7E98 /* WhatWordTests.xctest */,
				9D6A13722B0AF6A9000C7E98 /* WhatWordUITests.xctest */,
			);
			name = Products;
			sourceTree = "<group>";
		};
		9D6A13592B0AF6A8000C7E98 /* WhatWord */ = {
			isa = PBXGroup;
			children = (
				9D1FFC2C2C7C5EFA005870E2 /* Data */,
				9D1FFC282C7C312D005870E2 /* ImageExtensions.swift */,
				9D1FFC262C7C25DF005870E2 /* cnnsketchclassifier.mlmodel */,
				9D1FFC222C7C1AA1005870E2 /* DrawingDetection.mlmodel */,
				9DCA06142C6AC98400F12A30 /* Models */,
				9D8E26632B0C48D900C5872C /* Views */,
				9D6A138D2B0B597B000C7E98 /* Info.plist */,
				9D6A135A2B0AF6A8000C7E98 /* WhatWordApp.swift */,
				9D6A135E2B0AF6A9000C7E98 /* Assets.xcassets */,
				9D6A13602B0AF6A9000C7E98 /* WhatWord.entitlements */,
				9D6A13612B0AF6A9000C7E98 /* Preview Content */,
			);
			path = WhatWord;
			sourceTree = "<group>";
		};
		9D6A13612B0AF6A9000C7E98 /* Preview Content */ = {
			isa = PBXGroup;
			children = (
				9D6A13622B0AF6A9000C7E98 /* Preview Assets.xcassets */,
			);
			path = "Preview Content";
			sourceTree = "<group>";
		};
		9D6A136B2B0AF6A9000C7E98 /* WhatWordTests */ = {
			isa = PBXGroup;
			children = (
				9D6A136C2B0AF6A9000C7E98 /* WhatWordTests.swift */,
			);
			path = WhatWordTests;
			sourceTree = "<group>";
		};
		9D6A13752B0AF6A9000C7E98 /* WhatWordUITests */ = {
			isa = PBXGroup;
			children = (
				9D6A13762B0AF6A9000C7E98 /* WhatWordUITests.swift */,
				9D6A13782B0AF6A9000C7E98 /* WhatWordUITestsLaunchTests.swift */,
			);
			path = WhatWordUITests;
			sourceTree = "<group>";
		};
		9D8E26632B0C48D900C5872C /* Views */ = {
			isa = PBXGroup;
			children = (
				9D6A135C2B0AF6A8000C7E98 /* ContentView.swift */,
				9D3A3BE72B0F282800341559 /* SettingsView.swift */,
				9DCA06172C75CDF100F12A30 /* KeyboardContainerView.swift */,
				9DCA061E2C77E1DE00F12A30 /* KeyboardWordContainerView.swift */,
				9DCA06192C75D75000F12A30 /* KeyboardGenerativeView.swift */,
				9DCA06202C784B3E00F12A30 /* WordDetailView.swift */,
				9D69F5792C7989700011C741 /* KeyboardDrawingView.swift */,
			);
			path = Views;
			sourceTree = "<group>";
		};
		9DCA06142C6AC98400F12A30 /* Models */ = {
			isa = PBXGroup;
			children = (
				9DCA06152C6AC9A000F12A30 /* WWNode.swift */,
			);
			path = Models;
			sourceTree = "<group>";
		};
/* End PBXGroup section */

/* Begin PBXNativeTarget section */
		9D6A13562B0AF6A8000C7E98 /* WhatWord */ = {
			isa = PBXNativeTarget;
			buildConfigurationList = 9D6A137C2B0AF6A9000C7E98 /* Build configuration list for PBXNativeTarget "WhatWord" */;
			buildPhases = (
				9D6A13532B0AF6A8000C7E98 /* Sources */,
				9D6A13542B0AF6A8000C7E98 /* Frameworks */,
				9D6A13552B0AF6A8000C7E98 /* Resources */,
			);
			buildRules = (
			);
			dependencies = (
			);
			name = WhatWord;
			packageProductDependencies = (
				9DCA061C2C75F23F00F12A30 /* Flow */,
			);
			productName = WhatWord;
			productReference = 9D6A13572B0AF6A8000C7E98 /* WhatWord.app */;
			productType = "com.apple.product-type.application";
		};
		9D6A13672B0AF6A9000C7E98 /* WhatWordTests */ = {
			isa = PBXNativeTarget;
			buildConfigurationList = 9D6A137F2B0AF6A9000C7E98 /* Build configuration list for PBXNativeTarget "WhatWordTests" */;
			buildPhases = (
				9D6A13642B0AF6A9000C7E98 /* Sources */,
				9D6A13652B0AF6A9000C7E98 /* Frameworks */,
				9D6A13662B0AF6A9000C7E98 /* Resources */,
			);
			buildRules = (
			);
			dependencies = (
				9D6A136A2B0AF6A9000C7E98 /* PBXTargetDependency */,
			);
			name = WhatWordTests;
			productName = WhatWordTests;
			productReference = 9D6A13682B0AF6A9000C7E98 /* WhatWordTests.xctest */;
			productType = "com.apple.product-type.bundle.unit-test";
		};
		9D6A13712B0AF6A9000C7E98 /* WhatWordUITests */ = {
			isa = PBXNativeTarget;
			buildConfigurationList = 9D6A13822B0AF6A9000C7E98 /* Build configuration list for PBXNativeTarget "WhatWordUITests" */;
			buildPhases = (
				9D6A136E2B0AF6A9000C7E98 /* Sources */,
				9D6A136F2B0AF6A9000C7E98 /* Frameworks */,
				9D6A13702B0AF6A9000C7E98 /* Resources */,
			);
			buildRules = (
			);
			dependencies = (
				9D6A13742B0AF6A9000C7E98 /* PBXTargetDependency */,
			);
			name = WhatWordUITests;
			productName = WhatWordUITests;
			productReference = 9D6A13722B0AF6A9000C7E98 /* WhatWordUITests.xctest */;
			productType = "com.apple.product-type.bundle.ui-testing";
		};
/* End PBXNativeTarget section */

/* Begin PBXProject section */
		9D6A134F2B0AF6A8000C7E98 /* Project object */ = {
			isa = PBXProject;
			attributes = {
				BuildIndependentTargetsInParallel = 1;
				LastSwiftUpdateCheck = 1400;
				LastUpgradeCheck = 1400;
				TargetAttributes = {
					9D6A13562B0AF6A8000C7E98 = {
						CreatedOnToolsVersion = 14.0.1;
					};
					9D6A13672B0AF6A9000C7E98 = {
						CreatedOnToolsVersion = 14.0.1;
						TestTargetID = 9D6A13562B0AF6A8000C7E98;
					};
					9D6A13712B0AF6A9000C7E98 = {
						CreatedOnToolsVersion = 14.0.1;
						TestTargetID = 9D6A13562B0AF6A8000C7E98;
					};
				};
			};
			buildConfigurationList = 9D6A13522B0AF6A8000C7E98 /* Build configuration list for PBXProject "WhatWord" */;
			compatibilityVersion = "Xcode 14.0";
			developmentRegion = en;
			hasScannedForEncodings = 0;
			knownRegions = (
				en,
				Base,
				"es-419",
				es,
			);
			mainGroup = 9D6A134E2B0AF6A8000C7E98;
			packageReferences = (
				9DCA061B2C75F23F00F12A30 /* XCRemoteSwiftPackageReference "SwiftUI-Flow" */,
			);
			productRefGroup = 9D6A13582B0AF6A8000C7E98 /* Products */;
			projectDirPath = "";
			projectRoot = "";
			targets = (
				9D6A13562B0AF6A8000C7E98 /* WhatWord */,
				9D6A13672B0AF6A9000C7E98 /* WhatWordTests */,
				9D6A13712B0AF6A9000C7E98 /* WhatWordUITests */,
			);
		};
/* End PBXProject section */

/* Begin PBXResourcesBuildPhase section */
		9D6A13552B0AF6A8000C7E98 /* Resources */ = {
			isa = PBXResourcesBuildPhase;
			buildActionMask = 2147483647;
			files = (
				9D6A13632B0AF6A9000C7E98 /* Preview Assets.xcassets in Resources */,
				9D6A135F2B0AF6A9000C7E98 /* Assets.xcassets in Resources */,
				9DCA060F2C6416F800F12A30 /* Localizable.xcstrings in Resources */,
			);
			runOnlyForDeploymentPostprocessing = 0;
		};
		9D6A13662B0AF6A9000C7E98 /* Resources */ = {
			isa = PBXResourcesBuildPhase;
			buildActionMask = 2147483647;
			files = (
			);
			runOnlyForDeploymentPostprocessing = 0;
		};
		9D6A13702B0AF6A9000C7E98 /* Resources */ = {
			isa = PBXResourcesBuildPhase;
			buildActionMask = 2147483647;
			files = (
			);
			runOnlyForDeploymentPostprocessing = 0;
		};
/* End PBXResourcesBuildPhase section */

/* Begin PBXSourcesBuildPhase section */
		9D6A13532B0AF6A8000C7E98 /* Sources */ = {
			isa = PBXSourcesBuildPhase;
			buildActionMask = 2147483647;
			files = (
				9D6A135D2B0AF6A8000C7E98 /* ContentView.swift in Sources */,
				9D1FFC232C7C1AA1005870E2 /* DrawingDetection.mlmodel in Sources */,
				9DCA06162C6AC9A000F12A30 /* WWNode.swift in Sources */,
				9D3A3BE82B0F282800341559 /* SettingsView.swift in Sources */,
				9DCA061A2C75D75000F12A30 /* KeyboardGenerativeView.swift in Sources */,
				9D1FFC272C7C25DF005870E2 /* cnnsketchclassifier.mlmodel in Sources */,
				9DCA06182C75CDF100F12A30 /* KeyboardContainerView.swift in Sources */,
				9DCA061F2C77E1DE00F12A30 /* KeyboardWordContainerView.swift in Sources */,
				9D69F57A2C7989700011C741 /* KeyboardDrawingView.swift in Sources */,
				9D1FFC2E2C7C5EFA005870E2 /* DefaultPins.swift in Sources */,
				9D1FFC292C7C312D005870E2 /* ImageExtensions.swift in Sources */,
				9D1FFC302C7C5F0D005870E2 /* DrawingClassificationLabels.swift in Sources */,
				9DCA06212C784B3E00F12A30 /* WordDetailView.swift in Sources */,
				9D6A135B2B0AF6A8000C7E98 /* WhatWordApp.swift in Sources */,
			);
			runOnlyForDeploymentPostprocessing = 0;
		};
		9D6A13642B0AF6A9000C7E98 /* Sources */ = {
			isa = PBXSourcesBuildPhase;
			buildActionMask = 2147483647;
			files = (
				9D6A136D2B0AF6A9000C7E98 /* WhatWordTests.swift in Sources */,
			);
			runOnlyForDeploymentPostprocessing = 0;
		};
		9D6A136E2B0AF6A9000C7E98 /* Sources */ = {
			isa = PBXSourcesBuildPhase;
			buildActionMask = 2147483647;
			files = (
				9D6A13792B0AF6A9000C7E98 /* WhatWordUITestsLaunchTests.swift in Sources */,
				9D6A13772B0AF6A9000C7E98 /* WhatWordUITests.swift in Sources */,
			);
			runOnlyForDeploymentPostprocessing = 0;
		};
/* End PBXSourcesBuildPhase section */

/* Begin PBXTargetDependency section */
		9D6A136A2B0AF6A9000C7E98 /* PBXTargetDependency */ = {
			isa = PBXTargetDependency;
			target = 9D6A13562B0AF6A8000C7E98 /* WhatWord */;
			targetProxy = 9D6A13692B0AF6A9000C7E98 /* PBXContainerItemProxy */;
		};
		9D6A13742B0AF6A9000C7E98 /* PBXTargetDependency */ = {
			isa = PBXTargetDependency;
			target = 9D6A13562B0AF6A8000C7E98 /* WhatWord */;
			targetProxy = 9D6A13732B0AF6A9000C7E98 /* PBXContainerItemProxy */;
		};
/* End PBXTargetDependency section */

/* Begin XCBuildConfiguration section */
		9D6A137A2B0AF6A9000C7E98 /* Debug */ = {
			isa = XCBuildConfiguration;
			buildSettings = {
				ALWAYS_SEARCH_USER_PATHS = NO;
				CLANG_ANALYZER_NONNULL = YES;
				CLANG_ANALYZER_NUMBER_OBJECT_CONVERSION = YES_AGGRESSIVE;
				CLANG_CXX_LANGUAGE_STANDARD = "gnu++20";
				CLANG_ENABLE_MODULES = YES;
				CLANG_ENABLE_OBJC_ARC = YES;
				CLANG_ENABLE_OBJC_WEAK = YES;
				CLANG_WARN_BLOCK_CAPTURE_AUTORELEASING = YES;
				CLANG_WARN_BOOL_CONVERSION = YES;
				CLANG_WARN_COMMA = YES;
				CLANG_WARN_CONSTANT_CONVERSION = YES;
				CLANG_WARN_DEPRECATED_OBJC_IMPLEMENTATIONS = YES;
				CLANG_WARN_DIRECT_OBJC_ISA_USAGE = YES_ERROR;
				CLANG_WARN_DOCUMENTATION_COMMENTS = YES;
				CLANG_WARN_EMPTY_BODY = YES;
				CLANG_WARN_ENUM_CONVERSION = YES;
				CLANG_WARN_INFINITE_RECURSION = YES;
				CLANG_WARN_INT_CONVERSION = YES;
				CLANG_WARN_NON_LITERAL_NULL_CONVERSION = YES;
				CLANG_WARN_OBJC_IMPLICIT_RETAIN_SELF = YES;
				CLANG_WARN_OBJC_LITERAL_CONVERSION = YES;
				CLANG_WARN_OBJC_ROOT_CLASS = YES_ERROR;
				CLANG_WARN_QUOTED_INCLUDE_IN_FRAMEWORK_HEADER = YES;
				CLANG_WARN_RANGE_LOOP_ANALYSIS = YES;
				CLANG_WARN_STRICT_PROTOTYPES = YES;
				CLANG_WARN_SUSPICIOUS_MOVE = YES;
				CLANG_WARN_UNGUARDED_AVAILABILITY = YES_AGGRESSIVE;
				CLANG_WARN_UNREACHABLE_CODE = YES;
				CLANG_WARN__DUPLICATE_METHOD_MATCH = YES;
				COPY_PHASE_STRIP = NO;
				DEBUG_INFORMATION_FORMAT = dwarf;
				ENABLE_STRICT_OBJC_MSGSEND = YES;
				ENABLE_TESTABILITY = YES;
				GCC_C_LANGUAGE_STANDARD = gnu11;
				GCC_DYNAMIC_NO_PIC = NO;
				GCC_NO_COMMON_BLOCKS = YES;
				GCC_OPTIMIZATION_LEVEL = 0;
				GCC_PREPROCESSOR_DEFINITIONS = (
					"DEBUG=1",
					"$(inherited)",
				);
				GCC_WARN_64_TO_32_BIT_CONVERSION = YES;
				GCC_WARN_ABOUT_RETURN_TYPE = YES_ERROR;
				GCC_WARN_UNDECLARED_SELECTOR = YES;
				GCC_WARN_UNINITIALIZED_AUTOS = YES_AGGRESSIVE;
				GCC_WARN_UNUSED_FUNCTION = YES;
				GCC_WARN_UNUSED_VARIABLE = YES;
				IPHONEOS_DEPLOYMENT_TARGET = 16.0;
				MTL_ENABLE_DEBUG_INFO = INCLUDE_SOURCE;
				MTL_FAST_MATH = YES;
				ONLY_ACTIVE_ARCH = YES;
				SWIFT_ACTIVE_COMPILATION_CONDITIONS = DEBUG;
				SWIFT_OPTIMIZATION_LEVEL = "-Onone";
			};
			name = Debug;
		};
		9D6A137B2B0AF6A9000C7E98 /* Release */ = {
			isa = XCBuildConfiguration;
			buildSettings = {
				ALWAYS_SEARCH_USER_PATHS = NO;
				CLANG_ANALYZER_NONNULL = YES;
				CLANG_ANALYZER_NUMBER_OBJECT_CONVERSION = YES_AGGRESSIVE;
				CLANG_CXX_LANGUAGE_STANDARD = "gnu++20";
				CLANG_ENABLE_MODULES = YES;
				CLANG_ENABLE_OBJC_ARC = YES;
				CLANG_ENABLE_OBJC_WEAK = YES;
				CLANG_WARN_BLOCK_CAPTURE_AUTORELEASING = YES;
				CLANG_WARN_BOOL_CONVERSION = YES;
				CLANG_WARN_COMMA = YES;
				CLANG_WARN_CONSTANT_CONVERSION = YES;
				CLANG_WARN_DEPRECATED_OBJC_IMPLEMENTATIONS = YES;
				CLANG_WARN_DIRECT_OBJC_ISA_USAGE = YES_ERROR;
				CLANG_WARN_DOCUMENTATION_COMMENTS = YES;
				CLANG_WARN_EMPTY_BODY = YES;
				CLANG_WARN_ENUM_CONVERSION = YES;
				CLANG_WARN_INFINITE_RECURSION = YES;
				CLANG_WARN_INT_CONVERSION = YES;
				CLANG_WARN_NON_LITERAL_NULL_CONVERSION = YES;
				CLANG_WARN_OBJC_IMPLICIT_RETAIN_SELF = YES;
				CLANG_WARN_OBJC_LITERAL_CONVERSION = YES;
				CLANG_WARN_OBJC_ROOT_CLASS = YES_ERROR;
				CLANG_WARN_QUOTED_INCLUDE_IN_FRAMEWORK_HEADER = YES;
				CLANG_WARN_RANGE_LOOP_ANALYSIS = YES;
				CLANG_WARN_STRICT_PROTOTYPES = YES;
				CLANG_WARN_SUSPICIOUS_MOVE = YES;
				CLANG_WARN_UNGUARDED_AVAILABILITY = YES_AGGRESSIVE;
				CLANG_WARN_UNREACHABLE_CODE = YES;
				CLANG_WARN__DUPLICATE_METHOD_MATCH = YES;
				COPY_PHASE_STRIP = NO;
				DEBUG_INFORMATION_FORMAT = "dwarf-with-dsym";
				ENABLE_NS_ASSERTIONS = NO;
				ENABLE_STRICT_OBJC_MSGSEND = YES;
				GCC_C_LANGUAGE_STANDARD = gnu11;
				GCC_NO_COMMON_BLOCKS = YES;
				GCC_WARN_64_TO_32_BIT_CONVERSION = YES;
				GCC_WARN_ABOUT_RETURN_TYPE = YES_ERROR;
				GCC_WARN_UNDECLARED_SELECTOR = YES;
				GCC_WARN_UNINITIALIZED_AUTOS = YES_AGGRESSIVE;
				GCC_WARN_UNUSED_FUNCTION = YES;
				GCC_WARN_UNUSED_VARIABLE = YES;
				IPHONEOS_DEPLOYMENT_TARGET = 16.0;
				MTL_ENABLE_DEBUG_INFO = NO;
				MTL_FAST_MATH = YES;
				SWIFT_COMPILATION_MODE = wholemodule;
				SWIFT_OPTIMIZATION_LEVEL = "-O";
			};
			name = Release;
		};
		9D6A137D2B0AF6A9000C7E98 /* Debug */ = {
			isa = XCBuildConfiguration;
			buildSettings = {
				ASSETCATALOG_COMPILER_APPICON_NAME = AppIcon;
				ASSETCATALOG_COMPILER_GLOBAL_ACCENT_COLOR_NAME = AccentColor;
				CODE_SIGN_ENTITLEMENTS = WhatWord/WhatWord.entitlements;
				CODE_SIGN_STYLE = Automatic;
				CURRENT_PROJECT_VERSION = 7;
				DEVELOPMENT_ASSET_PATHS = "\"WhatWord/Preview Content\"";
				DEVELOPMENT_TEAM = 4HM8MJRNPP;
				ENABLE_HARDENED_RUNTIME = YES;
				ENABLE_PREVIEWS = YES;
				GENERATE_INFOPLIST_FILE = YES;
				INFOPLIST_FILE = WhatWord/Info.plist;
				INFOPLIST_KEY_CFBundleDisplayName = "What Word?";
				INFOPLIST_KEY_LSApplicationCategoryType = "public.app-category.utilities";
				INFOPLIST_KEY_NSPhotoLibraryAddUsageDescription = Test;
				"INFOPLIST_KEY_UIApplicationSceneManifest_Generation[sdk=iphoneos*]" = YES;
				"INFOPLIST_KEY_UIApplicationSceneManifest_Generation[sdk=iphonesimulator*]" = YES;
				"INFOPLIST_KEY_UIApplicationSupportsIndirectInputEvents[sdk=iphoneos*]" = YES;
				"INFOPLIST_KEY_UIApplicationSupportsIndirectInputEvents[sdk=iphonesimulator*]" = YES;
				"INFOPLIST_KEY_UILaunchScreen_Generation[sdk=iphoneos*]" = YES;
				"INFOPLIST_KEY_UILaunchScreen_Generation[sdk=iphonesimulator*]" = YES;
				INFOPLIST_KEY_UIStatusBarStyle = "";
				"INFOPLIST_KEY_UIStatusBarStyle[sdk=iphoneos*]" = UIStatusBarStyleDefault;
				"INFOPLIST_KEY_UIStatusBarStyle[sdk=iphonesimulator*]" = UIStatusBarStyleDefault;
				INFOPLIST_KEY_UISupportedInterfaceOrientations = "UIInterfaceOrientationPortrait UIInterfaceOrientationPortraitUpsideDown";
				INFOPLIST_KEY_UISupportedInterfaceOrientations_iPad = "UIInterfaceOrientationLandscapeLeft UIInterfaceOrientationLandscapeRight UIInterfaceOrientationPortrait UIInterfaceOrientationPortraitUpsideDown";
				IPHONEOS_DEPLOYMENT_TARGET = 17.0;
				LD_RUNPATH_SEARCH_PATHS = "@executable_path/Frameworks";
				"LD_RUNPATH_SEARCH_PATHS[sdk=macosx*]" = "@executable_path/../Frameworks";
				MACOSX_DEPLOYMENT_TARGET = 12.3;
				MARKETING_VERSION = 2;
				PRODUCT_BUNDLE_IDENTIFIER = com.edvilme.WhatWord;
				PRODUCT_NAME = "$(TARGET_NAME)";
				SDKROOT = auto;
				SUPPORTED_PLATFORMS = "iphoneos iphonesimulator";
				SUPPORTS_MACCATALYST = NO;
				SUPPORTS_MAC_DESIGNED_FOR_IPHONE_IPAD = YES;
				SWIFT_EMIT_LOC_STRINGS = YES;
				SWIFT_VERSION = 5.0;
				TARGETED_DEVICE_FAMILY = "1,2";
			};
			name = Debug;
		};
		9D6A137E2B0AF6A9000C7E98 /* Release */ = {
			isa = XCBuildConfiguration;
			buildSettings = {
				ASSETCATALOG_COMPILER_APPICON_NAME = AppIcon;
				ASSETCATALOG_COMPILER_GLOBAL_ACCENT_COLOR_NAME = AccentColor;
				CODE_SIGN_ENTITLEMENTS = WhatWord/WhatWord.entitlements;
				CODE_SIGN_STYLE = Automatic;
				CURRENT_PROJECT_VERSION = 7;
				DEVELOPMENT_ASSET_PATHS = "\"WhatWord/Preview Content\"";
				DEVELOPMENT_TEAM = 4HM8MJRNPP;
				ENABLE_HARDENED_RUNTIME = YES;
				ENABLE_PREVIEWS = YES;
				GENERATE_INFOPLIST_FILE = YES;
				INFOPLIST_FILE = WhatWord/Info.plist;
				INFOPLIST_KEY_CFBundleDisplayName = "What Word?";
				INFOPLIST_KEY_LSApplicationCategoryType = "public.app-category.utilities";
				INFOPLIST_KEY_NSPhotoLibraryAddUsageDescription = Test;
				"INFOPLIST_KEY_UIApplicationSceneManifest_Generation[sdk=iphoneos*]" = YES;
				"INFOPLIST_KEY_UIApplicationSceneManifest_Generation[sdk=iphonesimulator*]" = YES;
				"INFOPLIST_KEY_UIApplicationSupportsIndirectInputEvents[sdk=iphoneos*]" = YES;
				"INFOPLIST_KEY_UIApplicationSupportsIndirectInputEvents[sdk=iphonesimulator*]" = YES;
				"INFOPLIST_KEY_UILaunchScreen_Generation[sdk=iphoneos*]" = YES;
				"INFOPLIST_KEY_UILaunchScreen_Generation[sdk=iphonesimulator*]" = YES;
				INFOPLIST_KEY_UIStatusBarStyle = "";
				"INFOPLIST_KEY_UIStatusBarStyle[sdk=iphoneos*]" = UIStatusBarStyleDefault;
				"INFOPLIST_KEY_UIStatusBarStyle[sdk=iphonesimulator*]" = UIStatusBarStyleDefault;
				INFOPLIST_KEY_UISupportedInterfaceOrientations = "UIInterfaceOrientationPortrait UIInterfaceOrientationPortraitUpsideDown";
				INFOPLIST_KEY_UISupportedInterfaceOrientations_iPad = "UIInterfaceOrientationLandscapeLeft UIInterfaceOrientationLandscapeRight UIInterfaceOrientationPortrait UIInterfaceOrientationPortraitUpsideDown";
				IPHONEOS_DEPLOYMENT_TARGET = 17.0;
				LD_RUNPATH_SEARCH_PATHS = "@executable_path/Frameworks";
				"LD_RUNPATH_SEARCH_PATHS[sdk=macosx*]" = "@executable_path/../Frameworks";
				MACOSX_DEPLOYMENT_TARGET = 12.3;
				MARKETING_VERSION = 2;
				PRODUCT_BUNDLE_IDENTIFIER = com.edvilme.WhatWord;
				PRODUCT_NAME = "$(TARGET_NAME)";
				SDKROOT = auto;
				SUPPORTED_PLATFORMS = "iphoneos iphonesimulator";
				SUPPORTS_MACCATALYST = NO;
				SUPPORTS_MAC_DESIGNED_FOR_IPHONE_IPAD = YES;
				SWIFT_EMIT_LOC_STRINGS = YES;
				SWIFT_VERSION = 5.0;
				TARGETED_DEVICE_FAMILY = "1,2";
			};
			name = Release;
		};
		9D6A13802B0AF6A9000C7E98 /* Debug */ = {
			isa = XCBuildConfiguration;
			buildSettings = {
				ALWAYS_EMBED_SWIFT_STANDARD_LIBRARIES = YES;
				BUNDLE_LOADER = "$(TEST_HOST)";
				CODE_SIGN_STYLE = Automatic;
				CURRENT_PROJECT_VERSION = 1;
				DEVELOPMENT_TEAM = 4HM8MJRNPP;
				GENERATE_INFOPLIST_FILE = YES;
				IPHONEOS_DEPLOYMENT_TARGET = 16.0;
				MACOSX_DEPLOYMENT_TARGET = 12.3;
				MARKETING_VERSION = 1.0;
				PRODUCT_BUNDLE_IDENTIFIER = com.edvilme.WhatWordTests;
				PRODUCT_NAME = "$(TARGET_NAME)";
				SDKROOT = auto;
				SUPPORTED_PLATFORMS = "iphoneos iphonesimulator macosx";
				SWIFT_EMIT_LOC_STRINGS = NO;
				SWIFT_VERSION = 5.0;
				TARGETED_DEVICE_FAMILY = "1,2";
				TEST_HOST = "$(BUILT_PRODUCTS_DIR)/WhatWord.app/$(BUNDLE_EXECUTABLE_FOLDER_PATH)/WhatWord";
			};
			name = Debug;
		};
		9D6A13812B0AF6A9000C7E98 /* Release */ = {
			isa = XCBuildConfiguration;
			buildSettings = {
				ALWAYS_EMBED_SWIFT_STANDARD_LIBRARIES = YES;
				BUNDLE_LOADER = "$(TEST_HOST)";
				CODE_SIGN_STYLE = Automatic;
				CURRENT_PROJECT_VERSION = 1;
				DEVELOPMENT_TEAM = 4HM8MJRNPP;
				GENERATE_INFOPLIST_FILE = YES;
				IPHONEOS_DEPLOYMENT_TARGET = 16.0;
				MACOSX_DEPLOYMENT_TARGET = 12.3;
				MARKETING_VERSION = 1.0;
				PRODUCT_BUNDLE_IDENTIFIER = com.edvilme.WhatWordTests;
				PRODUCT_NAME = "$(TARGET_NAME)";
				SDKROOT = auto;
				SUPPORTED_PLATFORMS = "iphoneos iphonesimulator macosx";
				SWIFT_EMIT_LOC_STRINGS = NO;
				SWIFT_VERSION = 5.0;
				TARGETED_DEVICE_FAMILY = "1,2";
				TEST_HOST = "$(BUILT_PRODUCTS_DIR)/WhatWord.app/$(BUNDLE_EXECUTABLE_FOLDER_PATH)/WhatWord";
			};
			name = Release;
		};
		9D6A13832B0AF6A9000C7E98 /* Debug */ = {
			isa = XCBuildConfiguration;
			buildSettings = {
				ALWAYS_EMBED_SWIFT_STANDARD_LIBRARIES = YES;
				CODE_SIGN_STYLE = Automatic;
				CURRENT_PROJECT_VERSION = 1;
				DEVELOPMENT_TEAM = 4HM8MJRNPP;
				GENERATE_INFOPLIST_FILE = YES;
				IPHONEOS_DEPLOYMENT_TARGET = 16.0;
				MACOSX_DEPLOYMENT_TARGET = 12.3;
				MARKETING_VERSION = 1.0;
				PRODUCT_BUNDLE_IDENTIFIER = com.edvilme.WhatWordUITests;
				PRODUCT_NAME = "$(TARGET_NAME)";
				SDKROOT = auto;
				SUPPORTED_PLATFORMS = "iphoneos iphonesimulator macosx";
				SWIFT_EMIT_LOC_STRINGS = NO;
				SWIFT_VERSION = 5.0;
				TARGETED_DEVICE_FAMILY = "1,2";
				TEST_TARGET_NAME = WhatWord;
			};
			name = Debug;
		};
		9D6A13842B0AF6A9000C7E98 /* Release */ = {
			isa = XCBuildConfiguration;
			buildSettings = {
				ALWAYS_EMBED_SWIFT_STANDARD_LIBRARIES = YES;
				CODE_SIGN_STYLE = Automatic;
				CURRENT_PROJECT_VERSION = 1;
				DEVELOPMENT_TEAM = 4HM8MJRNPP;
				GENERATE_INFOPLIST_FILE = YES;
				IPHONEOS_DEPLOYMENT_TARGET = 16.0;
				MACOSX_DEPLOYMENT_TARGET = 12.3;
				MARKETING_VERSION = 1.0;
				PRODUCT_BUNDLE_IDENTIFIER = com.edvilme.WhatWordUITests;
				PRODUCT_NAME = "$(TARGET_NAME)";
				SDKROOT = auto;
				SUPPORTED_PLATFORMS = "iphoneos iphonesimulator macosx";
				SWIFT_EMIT_LOC_STRINGS = NO;
				SWIFT_VERSION = 5.0;
				TARGETED_DEVICE_FAMILY = "1,2";
				TEST_TARGET_NAME = WhatWord;
			};
			name = Release;
		};
/* End XCBuildConfiguration section */

/* Begin XCConfigurationList section */
		9D6A13522B0AF6A8000C7E98 /* Build configuration list for PBXProject "WhatWord" */ = {
			isa = XCConfigurationList;
			buildConfigurations = (
				9D6A137A2B0AF6A9000C7E98 /* Debug */,
				9D6A137B2B0AF6A9000C7E98 /* Release */,
			);
			defaultConfigurationIsVisible = 0;
			defaultConfigurationName = Release;
		};
		9D6A137C2B0AF6A9000C7E98 /* Build configuration list for PBXNativeTarget "WhatWord" */ = {
			isa = XCConfigurationList;
			buildConfigurations = (
				9D6A137D2B0AF6A9000C7E98 /* Debug */,
				9D6A137E2B0AF6A9000C7E98 /* Release */,
			);
			defaultConfigurationIsVisible = 0;
			defaultConfigurationName = Release;
		};
		9D6A137F2B0AF6A9000C7E98 /* Build configuration list for PBXNativeTarget "WhatWordTests" */ = {
			isa = XCConfigurationList;
			buildConfigurations = (
				9D6A13802B0AF6A9000C7E98 /* Debug */,
				9D6A13812B0AF6A9000C7E98 /* Release */,
			);
			defaultConfigurationIsVisible = 0;
			defaultConfigurationName = Release;
		};
		9D6A13822B0AF6A9000C7E98 /* Build configuration list for PBXNativeTarget "WhatWordUITests" */ = {
			isa = XCConfigurationList;
			buildConfigurations = (
				9D6A13832B0AF6A9000C7E98 /* Debug */,
				9D6A13842B0AF6A9000C7E98 /* Release */,
			);
			defaultConfigurationIsVisible = 0;
			defaultConfigurationName = Release;
		};
/* End XCConfigurationList section */

/* Begin XCRemoteSwiftPackageReference section */
		9DCA061B2C75F23F00F12A30 /* XCRemoteSwiftPackageReference "SwiftUI-Flow" */ = {
			isa = XCRemoteSwiftPackageReference;
			repositoryURL = "https://github.com/tevelee/SwiftUI-Flow.git";
			requirement = {
				kind = upToNextMajorVersion;
				minimumVersion = 2.5.0;
			};
		};
/* End XCRemoteSwiftPackageReference section */

/* Begin XCSwiftPackageProductDependency section */
		9DCA061C2C75F23F00F12A30 /* Flow */ = {
			isa = XCSwiftPackageProductDependency;
			package = 9DCA061B2C75F23F00F12A30 /* XCRemoteSwiftPackageReference "SwiftUI-Flow" */;
			productName = Flow;
		};
/* End XCSwiftPackageProductDependency section */
	};
	rootObject = 9D6A134F2B0AF6A8000C7E98 /* Project object */;
}
