{
  "pins" : [
    {
      "identity" : "airkit",
      "kind" : "remoteSourceControl",
      "location" : "https://github.com/heestand-xyz/AirKit",
      "state" : {
        "revision" : "abe502035f18cf2aaa1e5d3a8df902418b039328",
        "version" : "1.2.0"
      }
    },
    {
      "identity" : "swiftui-flow",
      "kind" : "remoteSourceControl",
      "location" : "https://github.com/tevelee/SwiftUI-Flow.git",
      "state" : {
        "revision" : "b528bd06ae70fbd2936d9561a456fb6ea65bc7ff",
        "version" : "2.5.0"
      }
    }
  ],
  "version" : 2
}
